
Microsoft Visual Studio Solution File, Format Version 12.00
# Visual Studio Version 17
VisualStudioVersion = 17.0.31903.59
MinimumVisualStudioVersion = 10.0.40219.1
Project("{FAE04EC0-301F-11D3-BF4B-00C04F79EFBC}") = "AITutor.Domain", "AITutor.Domain\AITutor.Domain.csproj", "{DA885CE2-25B3-4E15-BBC5-D3FBF343A682}"
EndProject
Project("{FAE04EC0-301F-11D3-BF4B-00C04F79EFBC}") = "AITutor.Application", "AITutor.Application\AITutor.Application.csproj", "{FDB1A4A1-69A0-4502-B3BF-0E8B672F8963}"
EndProject
Project("{FAE04EC0-301F-11D3-BF4B-00C04F79EFBC}") = "AITutor.Infrastructure", "AITutor.Infrastructure\AITutor.Infrastructure.csproj", "{3397481E-8B8E-499A-A19C-4BF22E456F36}"
EndProject
Project("{FAE04EC0-301F-11D3-BF4B-00C04F79EFBC}") = "AITutor.API", "AITutor.API\AITutor.API.csproj", "{24EE578E-0EF2-458B-B080-E523F650844B}"
EndProject
Global
	GlobalSection(SolutionConfigurationPlatforms) = preSolution
		Debug|Any CPU = Debug|Any CPU
		Debug|x64 = Debug|x64
		Debug|x86 = Debug|x86
		Release|Any CPU = Release|Any CPU
		Release|x64 = Release|x64
		Release|x86 = Release|x86
	EndGlobalSection
	GlobalSection(ProjectConfigurationPlatforms) = postSolution
		{DA885CE2-25B3-4E15-BBC5-D3FBF343A682}.Debug|Any CPU.ActiveCfg = Debug|Any CPU
		{DA885CE2-25B3-4E15-BBC5-D3FBF343A682}.Debug|Any CPU.Build.0 = Debug|Any CPU
		{DA885CE2-25B3-4E15-BBC5-D3FBF343A682}.Debug|x64.ActiveCfg = Debug|Any CPU
		{DA885CE2-25B3-4E15-BBC5-D3FBF343A682}.Debug|x64.Build.0 = Debug|Any CPU
		{DA885CE2-25B3-4E15-BBC5-D3FBF343A682}.Debug|x86.ActiveCfg = Debug|Any CPU
		{DA885CE2-25B3-4E15-BBC5-D3FBF343A682}.Debug|x86.Build.0 = Debug|Any CPU
		{DA885CE2-25B3-4E15-BBC5-D3FBF343A682}.Release|Any CPU.ActiveCfg = Release|Any CPU
		{DA885CE2-25B3-4E15-BBC5-D3FBF343A682}.Release|Any CPU.Build.0 = Release|Any CPU
		{DA885CE2-25B3-4E15-BBC5-D3FBF343A682}.Release|x64.ActiveCfg = Release|Any CPU
		{DA885CE2-25B3-4E15-BBC5-D3FBF343A682}.Release|x64.Build.0 = Release|Any CPU
		{DA885CE2-25B3-4E15-BBC5-D3FBF343A682}.Release|x86.ActiveCfg = Release|Any CPU
		{DA885CE2-25B3-4E15-BBC5-D3FBF343A682}.Release|x86.Build.0 = Release|Any CPU
		{FDB1A4A1-69A0-4502-B3BF-0E8B672F8963}.Debug|Any CPU.ActiveCfg = Debug|Any CPU
		{FDB1A4A1-69A0-4502-B3BF-0E8B672F8963}.Debug|Any CPU.Build.0 = Debug|Any CPU
		{FDB1A4A1-69A0-4502-B3BF-0E8B672F8963}.Debug|x64.ActiveCfg = Debug|Any CPU
		{FDB1A4A1-69A0-4502-B3BF-0E8B672F8963}.Debug|x64.Build.0 = Debug|Any CPU
		{FDB1A4A1-69A0-4502-B3BF-0E8B672F8963}.Debug|x86.ActiveCfg = Debug|Any CPU
		{FDB1A4A1-69A0-4502-B3BF-0E8B672F8963}.Debug|x86.Build.0 = Debug|Any CPU
		{FDB1A4A1-69A0-4502-B3BF-0E8B672F8963}.Release|Any CPU.ActiveCfg = Release|Any CPU
		{FDB1A4A1-69A0-4502-B3BF-0E8B672F8963}.Release|Any CPU.Build.0 = Release|Any CPU
		{FDB1A4A1-69A0-4502-B3BF-0E8B672F8963}.Release|x64.ActiveCfg = Release|Any CPU
		{FDB1A4A1-69A0-4502-B3BF-0E8B672F8963}.Release|x64.Build.0 = Release|Any CPU
		{FDB1A4A1-69A0-4502-B3BF-0E8B672F8963}.Release|x86.ActiveCfg = Release|Any CPU
		{FDB1A4A1-69A0-4502-B3BF-0E8B672F8963}.Release|x86.Build.0 = Release|Any CPU
		{3397481E-8B8E-499A-A19C-4BF22E456F36}.Debug|Any CPU.ActiveCfg = Debug|Any CPU
		{3397481E-8B8E-499A-A19C-4BF22E456F36}.Debug|Any CPU.Build.0 = Debug|Any CPU
		{3397481E-8B8E-499A-A19C-4BF22E456F36}.Debug|x64.ActiveCfg = Debug|Any CPU
		{3397481E-8B8E-499A-A19C-4BF22E456F36}.Debug|x64.Build.0 = Debug|Any CPU
		{3397481E-8B8E-499A-A19C-4BF22E456F36}.Debug|x86.ActiveCfg = Debug|Any CPU
		{3397481E-8B8E-499A-A19C-4BF22E456F36}.Debug|x86.Build.0 = Debug|Any CPU
		{3397481E-8B8E-499A-A19C-4BF22E456F36}.Release|Any CPU.ActiveCfg = Release|Any CPU
		{3397481E-8B8E-499A-A19C-4BF22E456F36}.Release|Any CPU.Build.0 = Release|Any CPU
		{3397481E-8B8E-499A-A19C-4BF22E456F36}.Release|x64.ActiveCfg = Release|Any CPU
		{3397481E-8B8E-499A-A19C-4BF22E456F36}.Release|x64.Build.0 = Release|Any CPU
		{3397481E-8B8E-499A-A19C-4BF22E456F36}.Release|x86.ActiveCfg = Release|Any CPU
		{3397481E-8B8E-499A-A19C-4BF22E456F36}.Release|x86.Build.0 = Release|Any CPU
		{24EE578E-0EF2-458B-B080-E523F650844B}.Debug|Any CPU.ActiveCfg = Debug|Any CPU
		{24EE578E-0EF2-458B-B080-E523F650844B}.Debug|Any CPU.Build.0 = Debug|Any CPU
		{24EE578E-0EF2-458B-B080-E523F650844B}.Debug|x64.ActiveCfg = Debug|Any CPU
		{24EE578E-0EF2-458B-B080-E523F650844B}.Debug|x64.Build.0 = Debug|Any CPU
		{24EE578E-0EF2-458B-B080-E523F650844B}.Debug|x86.ActiveCfg = Debug|Any CPU
		{24EE578E-0EF2-458B-B080-E523F650844B}.Debug|x86.Build.0 = Debug|Any CPU
		{24EE578E-0EF2-458B-B080-E523F650844B}.Release|Any CPU.ActiveCfg = Release|Any CPU
		{24EE578E-0EF2-458B-B080-E523F650844B}.Release|Any CPU.Build.0 = Release|Any CPU
		{24EE578E-0EF2-458B-B080-E523F650844B}.Release|x64.ActiveCfg = Release|Any CPU
		{24EE578E-0EF2-458B-B080-E523F650844B}.Release|x64.Build.0 = Release|Any CPU
		{24EE578E-0EF2-458B-B080-E523F650844B}.Release|x86.ActiveCfg = Release|Any CPU
		{24EE578E-0EF2-458B-B080-E523F650844B}.Release|x86.Build.0 = Release|Any CPU
	EndGlobalSection
	GlobalSection(SolutionProperties) = preSolution
		HideSolutionNode = FALSE
	EndGlobalSection
EndGlobal
